// !$*UTF8*$!
{
	archiveVersion = 1;
	classes = {
	};
	objectVersion = 50;
	objects = {

/* Begin PBXBuildFile section */
		2D91D43425BDF05C00C76CB0 /* aparcamientosCocoaPodsApp.swift in Sources */ = {isa = PBXBuildFile; fileRef = 2D91D43325BDF05C00C76CB0 /* aparcamientosCocoaPodsApp.swift */; };
		2D91D43625BDF05C00C76CB0 /* ContentView.swift in Sources */ = {isa = PBXBuildFile; fileRef = 2D91D43525BDF05C00C76CB0 /* ContentView.swift */; };
		2D91D43825BDF06100C76CB0 /* Assets.xcassets in Resources */ = {isa = PBXBuildFile; fileRef = 2D91D43725BDF06100C76CB0 /* Assets.xcassets */; };
		2D91D43B25BDF06100C76CB0 /* Preview Assets.xcassets in Resources */ = {isa = PBXBuildFile; fileRef = 2D91D43A25BDF06100C76CB0 /* Preview Assets.xcassets */; };
		6BBD7777291475CB27EA90C6 /* Pods_aparcamientosCocoaPods.framework in Frameworks */ = {isa = PBXBuildFile; fileRef = 0A484F1DB2F1413982E78840 /* Pods_aparcamientosCocoaPods.framework */; };
/* End PBXBuildFile section */

/* Begin PBXFileReference section */
		0A484F1DB2F1413982E78840 /* Pods_aparcamientosCocoaPods.framework */ = {isa = PBXFileReference; explicitFileType = wrapper.framework; includeInIndex = 0; path = Pods_aparcamientosCocoaPods.framework; sourceTree = BUILT_PRODUCTS_DIR; };
		2D91D43025BDF05C00C76CB0 /* aparcamientosCocoaPods.app */ = {isa = PBXFileReference; explicitFileType = wrapper.application; includeInIndex = 0; path = aparcamientosCocoaPods.app; sourceTree = BUILT_PRODUCTS_DIR; };
		2D91D43325BDF05C00C76CB0 /* aparcamientosCocoaPodsApp.swift */ = {isa = PBXFileReference; lastKnownFileType = sourcecode.swift; path = aparcamientosCocoaPodsApp.swift; sourceTree = "<group>"; };
		2D91D43525BDF05C00C76CB0 /* ContentView.swift */ = {isa = PBXFileReference; lastKnownFileType = sourcecode.swift; path = ContentView.swift; sourceTree = "<group>"; };
		2D91D43725BDF06100C76CB0 /* Assets.xcassets */ = {isa = PBXFileReference; lastKnownFileType = folder.assetcatalog; path = Assets.xcassets; sourceTree = "<group>"; };
		2D91D43A25BDF06100C76CB0 /* Preview Assets.xcassets */ = {isa = PBXFileReference; lastKnownFileType = folder.assetcatalog; path = "Preview Assets.xcassets"; sourceTree = "<group>"; };
		2D91D43C25BDF06100C76CB0 /* Info.plist */ = {isa = PBXFileReference; lastKnownFileType = text.plist.xml; path = Info.plist; sourceTree = "<group>"; };
		961B7646697F83B5926DBF26 /* Pods-aparcamientosCocoaPods.debug.xcconfig */ = {isa = PBXFileReference; includeInIndex = 1; lastKnownFileType = text.xcconfig; name = "Pods-aparcamientosCocoaPods.debug.xcconfig"; path = "Target Support Files/Pods-aparcamientosCocoaPods/Pods-aparcamientosCocoaPods.debug.xcconfig"; sourceTree = "<group>"; };
		AAFB8A1E34E15E2E1DDD9E03 /* Pods-aparcamientosCocoaPods.release.xcconfig */ = {isa = PBXFileReference; includeInIndex = 1; lastKnownFileType = text.xcconfig; name = "Pods-aparcamientosCocoaPods.release.xcconfig"; path = "Target Support Files/Pods-aparcamientosCocoaPods/Pods-aparcamientosCocoaPods.release.xcconfig"; sourceTree = "<group>"; };
/* End PBXFileReference section */

/* Begin PBXFrameworksBuildPhase section */
		2D91D42D25BDF05B00C76CB0 /* Frameworks */ = {
			isa = PBXFrameworksBuildPhase;
			buildActionMask = 2147483647;
			files = (
				6BBD7777291475CB27EA90C6 /* Pods_aparcamientosCocoaPods.framework in Frameworks */,
			);
			runOnlyForDeploymentPostprocessing = 0;
		};
/* End PBXFrameworksBuildPhase section */

/* Begin PBXGroup section */
		2D91D42725BDF05B00C76CB0 = {
			isa = PBXGroup;
			children = (
				2D91D43225BDF05C00C76CB0 /* aparcamientosCocoaPods */,
				2D91D43125BDF05C00C76CB0 /* Products */,
				DE46C69EC8049AAB0B7A5E93 /* Pods */,
				5C195A3CC8D972E3E05E9E21 /* Frameworks */,
			);
			sourceTree = "<group>";
		};
		2D91D43125BDF05C00C76CB0 /* Products */ = {
			isa = PBXGroup;
			children = (
				2D91D43025BDF05C00C76CB0 /* aparcamientosCocoaPods.app */,
			);
			name = Products;
			sourceTree = "<group>";
		};
		2D91D43225BDF05C00C76CB0 /* aparcamientosCocoaPods */ = {
			isa = PBXGroup;
			children = (
				2D91D43325BDF05C00C76CB0 /* aparcamientosCocoaPodsApp.swift */,
				2D91D43525BDF05C00C76CB0 /* ContentView.swift */,
				2D91D43725BDF06100C76CB0 /* Assets.xcassets */,
				2D91D43C25BDF06100C76CB0 /* Info.plist */,
				2D91D43925BDF06100C76CB0 /* Preview Content */,
			);
			path = aparcamientosCocoaPods;
			sourceTree = "<group>";
		};
		2D91D43925BDF06100C76CB0 /* Preview Content */ = {
			isa = PBXGroup;
			children = (
				2D91D43A25BDF06100C76CB0 /* Preview Assets.xcassets */,
			);
			path = "Preview Content";
			sourceTree = "<group>";
		};
		5C195A3CC8D972E3E05E9E21 /* Frameworks */ = {
			isa = PBXGroup;
			children = (
				0A484F1DB2F1413982E78840 /* Pods_aparcamientosCocoaPods.framework */,
			);
			name = Frameworks;
			sourceTree = "<group>";
		};
		DE46C69EC8049AAB0B7A5E93 /* Pods */ = {
			isa = PBXGroup;
			children = (
				961B7646697F83B5926DBF26 /* Pods-aparcamientosCocoaPods.debug.xcconfig */,
				AAFB8A1E34E15E2E1DDD9E03 /* Pods-aparcamientosCocoaPods.release.xcconfig */,
			);
			name = Pods;
			path = Pods;
			sourceTree = "<group>";
		};
/* End PBXGroup section */

/* Begin PBXNativeTarget section */
		2D91D42F25BDF05B00C76CB0 /* aparcamientosCocoaPods */ = {
			isa = PBXNativeTarget;
			buildConfigurationList = 2D91D43F25BDF06100C76CB0 /* Build configuration list for PBXNativeTarget "aparcamientosCocoaPods" */;
			buildPhases = (
				3A13FAB4BFC3F559DA258645 /* [CP] Check Pods Manifest.lock */,
				2D91D42C25BDF05B00C76CB0 /* Sources */,
				2D91D42D25BDF05B00C76CB0 /* Frameworks */,
				2D91D42E25BDF05B00C76CB0 /* Resources */,
				87A347368B2F7F6CB292FDEE /* [CP] Embed Pods Frameworks */,
			);
			buildRules = (
			);
			dependencies = (
			);
			name = aparcamientosCocoaPods;
			productName = aparcamientosCocoaPods;
			productReference = 2D91D43025BDF05C00C76CB0 /* aparcamientosCocoaPods.app */;
			productType = "com.apple.product-type.application";
		};
/* End PBXNativeTarget section */

/* Begin PBXProject section */
		2D91D42825BDF05B00C76CB0 /* Project object */ = {
			isa = PBXProject;
			attributes = {
				LastSwiftUpdateCheck = 1210;
				LastUpgradeCheck = 1210;
				TargetAttributes = {
					2D91D42F25BDF05B00C76CB0 = {
						CreatedOnToolsVersion = 12.1;
					};
				};
			};
			buildConfigurationList = 2D91D42B25BDF05B00C76CB0 /* Build configuration list for PBXProject "aparcamientosCocoaPods" */;
			compatibilityVersion = "Xcode 9.3";
			developmentRegion = en;
			hasScannedForEncodings = 0;
			knownRegions = (
				en,
				Base,
			);
			mainGroup = 2D91D42725BDF05B00C76CB0;
			productRefGroup = 2D91D43125BDF05C00C76CB0 /* Products */;
			projectDirPath = "";
			projectRoot = "";
			targets = (
				2D91D42F25BDF05B00C76CB0 /* aparcamientosCocoaPods */,
			);
		};
/* End PBXProject section */

/* Begin PBXResourcesBuildPhase section */
		2D91D42E25BDF05B00C76CB0 /* Resources */ = {
			isa = PBXResourcesBuildPhase;
			buildActionMask = 2147483647;
			files = (
				2D91D43B25BDF06100C76CB0 /* Preview Assets.xcassets in Resources */,
				2D91D43825BDF06100C76CB0 /* Assets.xcassets in Resources */,
			);
			runOnlyForDeploymentPostprocessing = 0;
		};
/* End PBXResourcesBuildPhase section */

/* Begin PBXShellScriptBuildPhase section */
		3A13FAB4BFC3F559DA258645 /* [CP] Check Pods Manifest.lock */ = {
			isa = PBXShellScriptBuildPhase;
			buildActionMask = 2147483647;
			files = (
			);
			inputFileListPaths = (
			);
			inputPaths = (
				"${PODS_PODFILE_DIR_PATH}/Podfile.lock",
				"${PODS_ROOT}/Manifest.lock",
			);
			name = "[CP] Check Pods Manifest.lock";
			outputFileListPaths = (
			);
			outputPaths = (
				"$(DERIVED_FILE_DIR)/Pods-aparcamientosCocoaPods-checkManifestLockResult.txt",
			);
			runOnlyForDeploymentPostprocessing = 0;
			shellPath = /bin/sh;
			shellScript = "diff \"${PODS_PODFILE_DIR_PATH}/Podfile.lock\" \"${PODS_ROOT}/Manifest.lock\" > /dev/null\nif [ $? != 0 ] ; then\n    # print error to STDERR\n    echo \"error: The sandbox is not in sync with the Podfile.lock. Run 'pod install' or update your CocoaPods installation.\" >&2\n    exit 1\nfi\n# This output is used by Xcode 'outputs' to avoid re-running this script phase.\necho \"SUCCESS\" > \"${SCRIPT_OUTPUT_FILE_0}\"\n";
			showEnvVarsInLog = 0;
		};
		87A347368B2F7F6CB292FDEE /* [CP] Embed Pods Frameworks */ = {
			isa = PBXShellScriptBuildPhase;
			buildActionMask = 2147483647;
			files = (
			);
			inputFileListPaths = (
				"${PODS_ROOT}/Target Support Files/Pods-aparcamientosCocoaPods/Pods-aparcamientosCocoaPods-frameworks-${CONFIGURATION}-input-files.xcfilelist",
			);
			name = "[CP] Embed Pods Frameworks";
			outputFileListPaths = (
				"${PODS_ROOT}/Target Support Files/Pods-aparcamientosCocoaPods/Pods-aparcamientosCocoaPods-frameworks-${CONFIGURATION}-output-files.xcfilelist",
			);
			runOnlyForDeploymentPostprocessing = 0;
			shellPath = /bin/sh;
			shellScript = "\"${PODS_ROOT}/Target Support Files/Pods-aparcamientosCocoaPods/Pods-aparcamientosCocoaPods-frameworks.sh\"\n";
			showEnvVarsInLog = 0;
		};
/* End PBXShellScriptBuildPhase section */

/* Begin PBXSourcesBuildPhase section */
		2D91D42C25BDF05B00C76CB0 /* Sources */ = {
			isa = PBXSourcesBuildPhase;
			buildActionMask = 2147483647;
			files = (
				2D91D43625BDF05C00C76CB0 /* ContentView.swift in Sources */,
				2D91D43425BDF05C00C76CB0 /* aparcamientosCocoaPodsApp.swift in Sources */,
			);
			runOnlyForDeploymentPostprocessing = 0;
		};
/* End PBXSourcesBuildPhase section */

/* Begin XCBuildConfiguration section */
		2D91D43D25BDF06100C76CB0 /* Debug */ = {
			isa = XCBuildConfiguration;
			buildSettings = {
				ALWAYS_SEARCH_USER_PATHS = NO;
				CLANG_ANALYZER_NONNULL = YES;
				CLANG_ANALYZER_NUMBER_OBJECT_CONVERSION = YES_AGGRESSIVE;
				CLANG_CXX_LANGUAGE_STANDARD = "gnu++14";
				CLANG_CXX_LIBRARY = "libc++";
				CLANG_ENABLE_MODULES = YES;
				CLANG_ENABLE_OBJC_ARC = YES;
				CLANG_ENABLE_OBJC_WEAK = YES;
				CLANG_WARN_BLOCK_CAPTURE_AUTORELEASING = YES;
				CLANG_WARN_BOOL_CONVERSION = YES;
				CLANG_WARN_COMMA = YES;
				CLANG_WARN_CONSTANT_CONVERSION = YES;
				CLANG_WARN_DEPRECATED_OBJC_IMPLEMENTATIONS = YES;
				CLANG_WARN_DIRECT_OBJC_ISA_USAGE = YES_ERROR;
				CLANG_WARN_DOCUMENTATION_COMMENTS = YES;
				CLANG_WARN_EMPTY_BODY = YES;
				CLANG_WARN_ENUM_CONVERSION = YES;
				CLANG_WARN_INFINITE_RECURSION = YES;
				CLANG_WARN_INT_CONVERSION = YES;
				CLANG_WARN_NON_LITERAL_NULL_CONVERSION = YES;
				CLANG_WARN_OBJC_IMPLICIT_RETAIN_SELF = YES;
				CLANG_WARN_OBJC_LITERAL_CONVERSION = YES;
				CLANG_WARN_OBJC_ROOT_CLASS = YES_ERROR;
				CLANG_WARN_QUOTED_INCLUDE_IN_FRAMEWORK_HEADER = YES;
				CLANG_WARN_RANGE_LOOP_ANALYSIS = YES;
				CLANG_WARN_STRICT_PROTOTYPES = YES;
				CLANG_WARN_SUSPICIOUS_MOVE = YES;
				CLANG_WARN_UNGUARDED_AVAILABILITY = YES_AGGRESSIVE;
				CLANG_WARN_UNREACHABLE_CODE = YES;
				CLANG_WARN__DUPLICATE_METHOD_MATCH = YES;
				COPY_PHASE_STRIP = NO;
				DEBUG_INFORMATION_FORMAT = dwarf;
				ENABLE_STRICT_OBJC_MSGSEND = YES;
				ENABLE_TESTABILITY = YES;
				GCC_C_LANGUAGE_STANDARD = gnu11;
				GCC_DYNAMIC_NO_PIC = NO;
				GCC_NO_COMMON_BLOCKS = YES;
				GCC_OPTIMIZATION_LEVEL = 0;
				GCC_PREPROCESSOR_DEFINITIONS = (
					"DEBUG=1",
					"$(inherited)",
				);
				GCC_WARN_64_TO_32_BIT_CONVERSION = YES;
				GCC_WARN_ABOUT_RETURN_TYPE = YES_ERROR;
				GCC_WARN_UNDECLARED_SELECTOR = YES;
				GCC_WARN_UNINITIALIZED_AUTOS = YES_AGGRESSIVE;
				GCC_WARN_UNUSED_FUNCTION = YES;
				GCC_WARN_UNUSED_VARIABLE = YES;
				IPHONEOS_DEPLOYMENT_TARGET = 14.1;
				MTL_ENABLE_DEBUG_INFO = INCLUDE_SOURCE;
				MTL_FAST_MATH = YES;
				ONLY_ACTIVE_ARCH = YES;
				SDKROOT = iphoneos;
				SWIFT_ACTIVE_COMPILATION_CONDITIONS = DEBUG;
				SWIFT_OPTIMIZATION_LEVEL = "-Onone";
			};
			name = Debug;
		};
		2D91D43E25BDF06100C76CB0 /* Release */ = {
			isa = XCBuildConfiguration;
			buildSettings = {
				ALWAYS_SEARCH_USER_PATHS = NO;
				CLANG_ANALYZER_NONNULL = YES;
				CLANG_ANALYZER_NUMBER_OBJECT_CONVERSION = YES_AGGRESSIVE;
				CLANG_CXX_LANGUAGE_STANDARD = "gnu++14";
				CLANG_CXX_LIBRARY = "libc++";
				CLANG_ENABLE_MODULES = YES;
				CLANG_ENABLE_OBJC_ARC = YES;
				CLANG_ENABLE_OBJC_WEAK = YES;
				CLANG_WARN_BLOCK_CAPTURE_AUTORELEASING = YES;
				CLANG_WARN_BOOL_CONVERSION = YES;
				CLANG_WARN_COMMA = YES;
				CLANG_WARN_CONSTANT_CONVERSION = YES;
				CLANG_WARN_DEPRECATED_OBJC_IMPLEMENTATIONS = YES;
				CLANG_WARN_DIRECT_OBJC_ISA_USAGE = YES_ERROR;
				CLANG_WARN_DOCUMENTATION_COMMENTS = YES;
				CLANG_WARN_EMPTY_BODY = YES;
				CLANG_WARN_ENUM_CONVERSION = YES;
				CLANG_WARN_INFINITE_RECURSION = YES;
				CLANG_WARN_INT_CONVERSION = YES;
				CLANG_WARN_NON_LITERAL_NULL_CONVERSION = YES;
				CLANG_WARN_OBJC_IMPLICIT_RETAIN_SELF = YES;
				CLANG_WARN_OBJC_LITERAL_CONVERSION = YES;
				CLANG_WARN_OBJC_ROOT_CLASS = YES_ERROR;
				CLANG_WARN_QUOTED_INCLUDE_IN_FRAMEWORK_HEADER = YES;
				CLANG_WARN_RANGE_LOOP_ANALYSIS = YES;
				CLANG_WARN_STRICT_PROTOTYPES = YES;
				CLANG_WARN_SUSPICIOUS_MOVE = YES;
				CLANG_WARN_UNGUARDED_AVAILABILITY = YES_AGGRESSIVE;
				CLANG_WARN_UNREACHABLE_CODE = YES;
				CLANG_WARN__DUPLICATE_METHOD_MATCH = YES;
				COPY_PHASE_STRIP = NO;
				DEBUG_INFORMATION_FORMAT = "dwarf-with-dsym";
				ENABLE_NS_ASSERTIONS = NO;
				ENABLE_STRICT_OBJC_MSGSEND = YES;
				GCC_C_LANGUAGE_STANDARD = gnu11;
				GCC_NO_COMMON_BLOCKS = YES;
				GCC_WARN_64_TO_32_BIT_CONVERSION = YES;
				GCC_WARN_ABOUT_RETURN_TYPE = YES_ERROR;
				GCC_WARN_UNDECLARED_SELECTOR = YES;
				GCC_WARN_UNINITIALIZED_AUTOS = YES_AGGRESSIVE;
				GCC_WARN_UNUSED_FUNCTION = YES;
				GCC_WARN_UNUSED_VARIABLE = YES;
				IPHONEOS_DEPLOYMENT_TARGET = 14.1;
				MTL_ENABLE_DEBUG_INFO = NO;
				MTL_FAST_MATH = YES;
				SDKROOT = iphoneos;
				SWIFT_COMPILATION_MODE = wholemodule;
				SWIFT_OPTIMIZATION_LEVEL = "-O";
				VALIDATE_PRODUCT = YES;
			};
			name = Release;
		};
		2D91D44025BDF06100C76CB0 /* Debug */ = {
			isa = XCBuildConfiguration;
			baseConfigurationReference = 961B7646697F83B5926DBF26 /* Pods-aparcamientosCocoaPods.debug.xcconfig */;
			buildSettings = {
				ASSETCATALOG_COMPILER_APPICON_NAME = AppIcon;
				ASSETCATALOG_COMPILER_GLOBAL_ACCENT_COLOR_NAME = AccentColor;
				CODE_SIGN_STYLE = Automatic;
				DEVELOPMENT_ASSET_PATHS = "\"aparcamientosCocoaPods/Preview Content\"";
				ENABLE_PREVIEWS = YES;
				INFOPLIST_FILE = aparcamientosCocoaPods/Info.plist;
				IPHONEOS_DEPLOYMENT_TARGET = 14.0;
				LD_RUNPATH_SEARCH_PATHS = (
					"$(inherited)",
					"@executable_path/Frameworks",
				);
				PRODUCT_BUNDLE_IDENTIFIER = com.simonrodriguez.aparcamientosCocoaPods;
				PRODUCT_NAME = "$(TARGET_NAME)";
				SWIFT_VERSION = 5.0;
				TARGETED_DEVICE_FAMILY = "1,2";
			};
			name = Debug;
		};
		2D91D44125BDF06100C76CB0 /* Release */ = {
			isa = XCBuildConfiguration;
			baseConfigurationReference = AAFB8A1E34E15E2E1DDD9E03 /* Pods-aparcamientosCocoaPods.release.xcconfig */;
			buildSettings = {
				ASSETCATALOG_COMPILER_APPICON_NAME = AppIcon;
				ASSETCATALOG_COMPILER_GLOBAL_ACCENT_COLOR_NAME = AccentColor;
				CODE_SIGN_STYLE = Automatic;
				DEVELOPMENT_ASSET_PATHS = "\"aparcamientosCocoaPods/Preview Content\"";
				ENABLE_PREVIEWS = YES;
				INFOPLIST_FILE = aparcamientosCocoaPods/Info.plist;
				IPHONEOS_DEPLOYMENT_TARGET = 14.0;
				LD_RUNPATH_SEARCH_PATHS = (
					"$(inherited)",
					"@executable_path/Frameworks",
				);
				PRODUCT_BUNDLE_IDENTIFIER = com.simonrodriguez.aparcamientosCocoaPods;
				PRODUCT_NAME = "$(TARGET_NAME)";
				SWIFT_VERSION = 5.0;
				TARGETED_DEVICE_FAMILY = "1,2";
			};
			name = Release;
		};
/* End XCBuildConfiguration section */

/* Begin XCConfigurationList section */
		2D91D42B25BDF05B00C76CB0 /* Build configuration list for PBXProject "aparcamientosCocoaPods" */ = {
			isa = XCConfigurationList;
			buildConfigurations = (
				2D91D43D25BDF06100C76CB0 /* Debug */,
				2D91D43E25BDF06100C76CB0 /* Release */,
			);
			defaultConfigurationIsVisible = 0;
			defaultConfigurationName = Release;
		};
		2D91D43F25BDF06100C76CB0 /* Build configuration list for PBXNativeTarget "aparcamientosCocoaPods" */ = {
			isa = XCConfigurationList;
			buildConfigurations = (
				2D91D44025BDF06100C76CB0 /* Debug */,
				2D91D44125BDF06100C76CB0 /* Release */,
			);
			defaultConfigurationIsVisible = 0;
			defaultConfigurationName = Release;
		};
/* End XCConfigurationList section */
	};
	rootObject = 2D91D42825BDF05B00C76CB0 /* Project object */;
}
